// !$*UTF8*$!
{
	archiveVersion = 1;
	classes = {
	};
	objectVersion = 48;
	objects = {

/* Begin PBXBuildFile section */
		C8FEC96120560FA400D5BE89 /* AppDelegate.m in Sources */ = {isa = PBXBuildFile; fileRef = C8FEC96020560FA400D5BE89 /* AppDelegate.m */; };
		C8FEC96420560FA400D5BE89 /* ViewController.m in Sources */ = {isa = PBXBuildFile; fileRef = C8FEC96320560FA400D5BE89 /* ViewController.m */; };
		C8FEC96720560FA400D5BE89 /* Main.storyboard in Resources */ = {isa = PBXBuildFile; fileRef = C8FEC96520560FA400D5BE89 /* Main.storyboard */; };
		C8FEC96920560FA500D5BE89 /* Assets.xcassets in Resources */ = {isa = PBXBuildFile; fileRef = C8FEC96820560FA400D5BE89 /* Assets.xcassets */; };
		C8FEC96C20560FA500D5BE89 /* LaunchScreen.storyboard in Resources */ = {isa = PBXBuildFile; fileRef = C8FEC96A20560FA500D5BE89 /* LaunchScreen.storyboard */; };
		C8FEC96F20560FA500D5BE89 /* main.m in Sources */ = {isa = PBXBuildFile; fileRef = C8FEC96E20560FA500D5BE89 /* main.m */; };
		C8FEC97920560FA500D5BE89 /* app____Tests.m in Sources */ = {isa = PBXBuildFile; fileRef = C8FEC97820560FA500D5BE89 /* app____Tests.m */; };
		C8FEC98420560FA500D5BE89 /* app____UITests.m in Sources */ = {isa = PBXBuildFile; fileRef = C8FEC98320560FA500D5BE89 /* app____UITests.m */; };
/* End PBXBuildFile section */

/* Begin PBXContainerItemProxy section */
		C8FEC97520560FA500D5BE89 /* PBXContainerItemProxy */ = {
			isa = PBXContainerItemProxy;
			containerPortal = C8FEC95420560FA400D5BE89 /* Project object */;
			proxyType = 1;
			remoteGlobalIDString = C8FEC95B20560FA400D5BE89;
			remoteInfo = "app协议弹框";
		};
		C8FEC98020560FA500D5BE89 /* PBXContainerItemProxy */ = {
			isa = PBXContainerItemProxy;
			containerPortal = C8FEC95420560FA400D5BE89 /* Project object */;
			proxyType = 1;
			remoteGlobalIDString = C8FEC95B20560FA400D5BE89;
			remoteInfo = "app协议弹框";
		};
/* End PBXContainerItemProxy section */

/* Begin PBXFileReference section */
		C8FEC95C20560FA400D5BE89 /* app协议弹框.app */ = {isa = PBXFileReference; explicitFileType = wrapper.application; includeInIndex = 0; path = "app协议弹框.app"; sourceTree = BUILT_PRODUCTS_DIR; };
		C8FEC95F20560FA400D5BE89 /* AppDelegate.h */ = {isa = PBXFileReference; lastKnownFileType = sourcecode.c.h; path = AppDelegate.h; sourceTree = "<group>"; };
		C8FEC96020560FA400D5BE89 /* AppDelegate.m */ = {isa = PBXFileReference; lastKnownFileType = sourcecode.c.objc; path = AppDelegate.m; sourceTree = "<group>"; };
		C8FEC96220560FA400D5BE89 /* ViewController.h */ = {isa = PBXFileReference; lastKnownFileType = sourcecode.c.h; path = ViewController.h; sourceTree = "<group>"; };
		C8FEC96320560FA400D5BE89 /* ViewController.m */ = {isa = PBXFileReference; lastKnownFileType = sourcecode.c.objc; path = ViewController.m; sourceTree = "<group>"; };
		C8FEC96620560FA400D5BE89 /* Base */ = {isa = PBXFileReference; lastKnownFileType = file.storyboard; name = Base; path = Base.lproj/Main.storyboard; sourceTree = "<group>"; };
		C8FEC96820560FA400D5BE89 /* Assets.xcassets */ = {isa = PBXFileReference; lastKnownFileType = folder.assetcatalog; path = Assets.xcassets; sourceTree = "<group>"; };
		C8FEC96B20560FA500D5BE89 /* Base */ = {isa = PBXFileReference; lastKnownFileType = file.storyboard; name = Base; path = Base.lproj/LaunchScreen.storyboard; sourceTree = "<group>"; };
		C8FEC96D20560FA500D5BE89 /* Info.plist */ = {isa = PBXFileReference; lastKnownFileType = text.plist.xml; path = Info.plist; sourceTree = "<group>"; };
		C8FEC96E20560FA500D5BE89 /* main.m */ = {isa = PBXFileReference; lastKnownFileType = sourcecode.c.objc; path = main.m; sourceTree = "<group>"; };
		C8FEC97420560FA500D5BE89 /* app协议弹框Tests.xctest */ = {isa = PBXFileReference; explicitFileType = wrapper.cfbundle; includeInIndex = 0; path = "app协议弹框Tests.xctest"; sourceTree = BUILT_PRODUCTS_DIR; };
		C8FEC97820560FA500D5BE89 /* app____Tests.m */ = {isa = PBXFileReference; lastKnownFileType = sourcecode.c.objc; path = "app____Tests.m"; sourceTree = "<group>"; };
		C8FEC97A20560FA500D5BE89 /* Info.plist */ = {isa = PBXFileReference; lastKnownFileType = text.plist.xml; path = Info.plist; sourceTree = "<group>"; };
		C8FEC97F20560FA500D5BE89 /* app协议弹框UITests.xctest */ = {isa = PBXFileReference; explicitFileType = wrapper.cfbundle; includeInIndex = 0; path = "app协议弹框UITests.xctest"; sourceTree = BUILT_PRODUCTS_DIR; };
		C8FEC98320560FA500D5BE89 /* app____UITests.m */ = {isa = PBXFileReference; lastKnownFileType = sourcecode.c.objc; path = "app____UITests.m"; sourceTree = "<group>"; };
		C8FEC98520560FA500D5BE89 /* Info.plist */ = {isa = PBXFileReference; lastKnownFileType = text.plist.xml; path = Info.plist; sourceTree = "<group>"; };
/* End PBXFileReference section */

/* Begin PBXFrameworksBuildPhase section */
		C8FEC95920560FA400D5BE89 /* Frameworks */ = {
			isa = PBXFrameworksBuildPhase;
			buildActionMask = 2147483647;
			files = (
			);
			runOnlyForDeploymentPostprocessing = 0;
		};
		C8FEC97120560FA500D5BE89 /* Frameworks */ = {
			isa = PBXFrameworksBuildPhase;
			buildActionMask = 2147483647;
			files = (
			);
			runOnlyForDeploymentPostprocessing = 0;
		};
		C8FEC97C20560FA500D5BE89 /* Frameworks */ = {
			isa = PBXFrameworksBuildPhase;
			buildActionMask = 2147483647;
			files = (
			);
			runOnlyForDeploymentPostprocessing = 0;
		};
/* End PBXFrameworksBuildPhase section */

/* Begin PBXGroup section */
		C8FEC95320560FA400D5BE89 = {
			isa = PBXGroup;
			children = (
				C8FEC95E20560FA400D5BE89 /* app协议弹框 */,
				C8FEC97720560FA500D5BE89 /* app协议弹框Tests */,
				C8FEC98220560FA500D5BE89 /* app协议弹框UITests */,
				C8FEC95D20560FA400D5BE89 /* Products */,
			);
			sourceTree = "<group>";
		};
		C8FEC95D20560FA400D5BE89 /* Products */ = {
			isa = PBXGroup;
			children = (
				C8FEC95C20560FA400D5BE89 /* app协议弹框.app */,
				C8FEC97420560FA500D5BE89 /* app协议弹框Tests.xctest */,
				C8FEC97F20560FA500D5BE89 /* app协议弹框UITests.xctest */,
			);
			name = Products;
			sourceTree = "<group>";
		};
		C8FEC95E20560FA400D5BE89 /* app协议弹框 */ = {
			isa = PBXGroup;
			children = (
				C8FEC95F20560FA400D5BE89 /* AppDelegate.h */,
				C8FEC96020560FA400D5BE89 /* AppDelegate.m */,
				C8FEC96220560FA400D5BE89 /* ViewController.h */,
				C8FEC96320560FA400D5BE89 /* ViewController.m */,
				C8FEC96520560FA400D5BE89 /* Main.storyboard */,
				C8FEC96820560FA400D5BE89 /* Assets.xcassets */,
				C8FEC96A20560FA500D5BE89 /* LaunchScreen.storyboard */,
				C8FEC96D20560FA500D5BE89 /* Info.plist */,
				C8FEC96E20560FA500D5BE89 /* main.m */,
			);
			path = "app协议弹框";
			sourceTree = "<group>";
		};
		C8FEC97720560FA500D5BE89 /* app协议弹框Tests */ = {
			isa = PBXGroup;
			children = (
				C8FEC97820560FA500D5BE89 /* app____Tests.m */,
				C8FEC97A20560FA500D5BE89 /* Info.plist */,
			);
			path = "app协议弹框Tests";
			sourceTree = "<group>";
		};
		C8FEC98220560FA500D5BE89 /* app协议弹框UITests */ = {
			isa = PBXGroup;
			children = (
				C8FEC98320560FA500D5BE89 /* app____UITests.m */,
				C8FEC98520560FA500D5BE89 /* Info.plist */,
			);
			path = "app协议弹框UITests";
			sourceTree = "<group>";
		};
/* End PBXGroup section */

/* Begin PBXNativeTarget section */
		C8FEC95B20560FA400D5BE89 /* app协议弹框 */ = {
			isa = PBXNativeTarget;
			buildConfigurationList = C8FEC98820560FA500D5BE89 /* Build configuration list for PBXNativeTarget "app协议弹框" */;
			buildPhases = (
				C8FEC95820560FA400D5BE89 /* Sources */,
				C8FEC95920560FA400D5BE89 /* Frameworks */,
				C8FEC95A20560FA400D5BE89 /* Resources */,
			);
			buildRules = (
			);
			dependencies = (
			);
			name = "app协议弹框";
			productName = "app协议弹框";
			productReference = C8FEC95C20560FA400D5BE89 /* app协议弹框.app */;
			productType = "com.apple.product-type.application";
		};
		C8FEC97320560FA500D5BE89 /* app协议弹框Tests */ = {
			isa = PBXNativeTarget;
			buildConfigurationList = C8FEC98B20560FA500D5BE89 /* Build configuration list for PBXNativeTarget "app协议弹框Tests" */;
			buildPhases = (
				C8FEC97020560FA500D5BE89 /* Sources */,
				C8FEC97120560FA500D5BE89 /* Frameworks */,
				C8FEC97220560FA500D5BE89 /* Resources */,
			);
			buildRules = (
			);
			dependencies = (
				C8FEC97620560FA500D5BE89 /* PBXTargetDependency */,
			);
			name = "app协议弹框Tests";
			productName = "app协议弹框Tests";
			productReference = C8FEC97420560FA500D5BE89 /* app协议弹框Tests.xctest */;
			productType = "com.apple.product-type.bundle.unit-test";
		};
		C8FEC97E20560FA500D5BE89 /* app协议弹框UITests */ = {
			isa = PBXNativeTarget;
			buildConfigurationList = C8FEC98E20560FA500D5BE89 /* Build configuration list for PBXNativeTarget "app协议弹框UITests" */;
			buildPhases = (
				C8FEC97B20560FA500D5BE89 /* Sources */,
				C8FEC97C20560FA500D5BE89 /* Frameworks */,
				C8FEC97D20560FA500D5BE89 /* Resources */,
			);
			buildRules = (
			);
			dependencies = (
				C8FEC98120560FA500D5BE89 /* PBXTargetDependency */,
			);
			name = "app协议弹框UITests";
			productName = "app协议弹框UITests";
			productReference = C8FEC97F20560FA500D5BE89 /* app协议弹框UITests.xctest */;
			productType = "com.apple.product-type.bundle.ui-testing";
		};
/* End PBXNativeTarget section */

/* Begin PBXProject section */
		C8FEC95420560FA400D5BE89 /* Project object */ = {
			isa = PBXProject;
			attributes = {
				LastUpgradeCheck = 0920;
				ORGANIZATIONNAME = ZYH;
				TargetAttributes = {
					C8FEC95B20560FA400D5BE89 = {
						CreatedOnToolsVersion = 9.2;
						ProvisioningStyle = Automatic;
					};
					C8FEC97320560FA500D5BE89 = {
						CreatedOnToolsVersion = 9.2;
						ProvisioningStyle = Automatic;
						TestTargetID = C8FEC95B20560FA400D5BE89;
					};
					C8FEC97E20560FA500D5BE89 = {
						CreatedOnToolsVersion = 9.2;
						ProvisioningStyle = Automatic;
						TestTargetID = C8FEC95B20560FA400D5BE89;
					};
				};
			};
			buildConfigurationList = C8FEC95720560FA400D5BE89 /* Build configuration list for PBXProject "app协议弹框" */;
			compatibilityVersion = "Xcode 8.0";
			developmentRegion = en;
			hasScannedForEncodings = 0;
			knownRegions = (
				en,
				Base,
			);
			mainGroup = C8FEC95320560FA400D5BE89;
			productRefGroup = C8FEC95D20560FA400D5BE89 /* Products */;
			projectDirPath = "";
			projectRoot = "";
			targets = (
				C8FEC95B20560FA400D5BE89 /* app协议弹框 */,
				C8FEC97320560FA500D5BE89 /* app协议弹框Tests */,
				C8FEC97E20560FA500D5BE89 /* app协议弹框UITests */,
			);
		};
/* End PBXProject section */

/* Begin PBXResourcesBuildPhase section */
		C8FEC95A20560FA400D5BE89 /* Resources */ = {
			isa = PBXResourcesBuildPhase;
			buildActionMask = 2147483647;
			files = (
				C8FEC96C20560FA500D5BE89 /* LaunchScreen.storyboard in Resources */,
				C8FEC96920560FA500D5BE89 /* Assets.xcassets in Resources */,
				C8FEC96720560FA400D5BE89 /* Main.storyboard in Resources */,
			);
			runOnlyForDeploymentPostprocessing = 0;
		};
		C8FEC97220560FA500D5BE89 /* Resources */ = {
			isa = PBXResourcesBuildPhase;
			buildActionMask = 2147483647;
			files = (
			);
			runOnlyForDeploymentPostprocessing = 0;
		};
		C8FEC97D20560FA500D5BE89 /* Resources */ = {
			isa = PBXResourcesBuildPhase;
			buildActionMask = 2147483647;
			files = (
			);
			runOnlyForDeploymentPostprocessing = 0;
		};
/* End PBXResourcesBuildPhase section */

/* Begin PBXSourcesBuildPhase section */
		C8FEC95820560FA400D5BE89 /* Sources */ = {
			isa = PBXSourcesBuildPhase;
			buildActionMask = 2147483647;
			files = (
				C8FEC96420560FA400D5BE89 /* ViewController.m in Sources */,
				C8FEC96F20560FA500D5BE89 /* main.m in Sources */,
				C8FEC96120560FA400D5BE89 /* AppDelegate.m in Sources */,
			);
			runOnlyForDeploymentPostprocessing = 0;
		};
		C8FEC97020560FA500D5BE89 /* Sources */ = {
			isa = PBXSourcesBuildPhase;
			buildActionMask = 2147483647;
			files = (
				C8FEC97920560FA500D5BE89 /* app____Tests.m in Sources */,
			);
			runOnlyForDeploymentPostprocessing = 0;
		};
		C8FEC97B20560FA500D5BE89 /* Sources */ = {
			isa = PBXSourcesBuildPhase;
			buildActionMask = 2147483647;
			files = (
				C8FEC98420560FA500D5BE89 /* app____UITests.m in Sources */,
			);
			runOnlyForDeploymentPostprocessing = 0;
		};
/* End PBXSourcesBuildPhase section */

/* Begin PBXTargetDependency section */
		C8FEC97620560FA500D5BE89 /* PBXTargetDependency */ = {
			isa = PBXTargetDependency;
			target = C8FEC95B20560FA400D5BE89 /* app协议弹框 */;
			targetProxy = C8FEC97520560FA500D5BE89 /* PBXContainerItemProxy */;
		};
		C8FEC98120560FA500D5BE89 /* PBXTargetDependency */ = {
			isa = PBXTargetDependency;
			target = C8FEC95B20560FA400D5BE89 /* app协议弹框 */;
			targetProxy = C8FEC98020560FA500D5BE89 /* PBXContainerItemProxy */;
		};
/* End PBXTargetDependency section */

/* Begin PBXVariantGroup section */
		C8FEC96520560FA400D5BE89 /* Main.storyboard */ = {
			isa = PBXVariantGroup;
			children = (
				C8FEC96620560FA400D5BE89 /* Base */,
			);
			name = Main.storyboard;
			sourceTree = "<group>";
		};
		C8FEC96A20560FA500D5BE89 /* LaunchScreen.storyboard */ = {
			isa = PBXVariantGroup;
			children = (
				C8FEC96B20560FA500D5BE89 /* Base */,
			);
			name = LaunchScreen.storyboard;
			sourceTree = "<group>";
		};
/* End PBXVariantGroup section */

/* Begin XCBuildConfiguration section */
		C8FEC98620560FA500D5BE89 /* Debug */ = {
			isa = XCBuildConfiguration;
			buildSettings = {
				ALWAYS_SEARCH_USER_PATHS = NO;
				CLANG_ANALYZER_NONNULL = YES;
				CLANG_ANALYZER_NUMBER_OBJECT_CONVERSION = YES_AGGRESSIVE;
				CLANG_CXX_LANGUAGE_STANDARD = "gnu++14";
				CLANG_CXX_LIBRARY = "libc++";
				CLANG_ENABLE_MODULES = YES;
				CLANG_ENABLE_OBJC_ARC = YES;
				CLANG_WARN_BLOCK_CAPTURE_AUTORELEASING = YES;
				CLANG_WARN_BOOL_CONVERSION = YES;
				CLANG_WARN_COMMA = YES;
				CLANG_WARN_CONSTANT_CONVERSION = YES;
				CLANG_WARN_DIRECT_OBJC_ISA_USAGE = YES_ERROR;
				CLANG_WARN_DOCUMENTATION_COMMENTS = YES;
				CLANG_WARN_EMPTY_BODY = YES;
				CLANG_WARN_ENUM_CONVERSION = YES;
				CLANG_WARN_INFINITE_RECURSION = YES;
				CLANG_WARN_INT_CONVERSION = YES;
				CLANG_WARN_NON_LITERAL_NULL_CONVERSION = YES;
				CLANG_WARN_OBJC_LITERAL_CONVERSION = YES;
				CLANG_WARN_OBJC_ROOT_CLASS = YES_ERROR;
				CLANG_WARN_RANGE_LOOP_ANALYSIS = YES;
				CLANG_WARN_STRICT_PROTOTYPES = YES;
				CLANG_WARN_SUSPICIOUS_MOVE = YES;
				CLANG_WARN_UNGUARDED_AVAILABILITY = YES_AGGRESSIVE;
				CLANG_WARN_UNREACHABLE_CODE = YES;
				CLANG_WARN__DUPLICATE_METHOD_MATCH = YES;
				CODE_SIGN_IDENTITY = "iPhone Developer";
				COPY_PHASE_STRIP = NO;
				DEBUG_INFORMATION_FORMAT = dwarf;
				ENABLE_STRICT_OBJC_MSGSEND = YES;
				ENABLE_TESTABILITY = YES;
				GCC_C_LANGUAGE_STANDARD = gnu11;
				GCC_DYNAMIC_NO_PIC = NO;
				GCC_NO_COMMON_BLOCKS = YES;
				GCC_OPTIMIZATION_LEVEL = 0;
				GCC_PREPROCESSOR_DEFINITIONS = (
					"DEBUG=1",
					"$(inherited)",
				);
				GCC_WARN_64_TO_32_BIT_CONVERSION = YES;
				GCC_WARN_ABOUT_RETURN_TYPE = YES_ERROR;
				GCC_WARN_UNDECLARED_SELECTOR = YES;
				GCC_WARN_UNINITIALIZED_AUTOS = YES_AGGRESSIVE;
				GCC_WARN_UNUSED_FUNCTION = YES;
				GCC_WARN_UNUSED_VARIABLE = YES;
				IPHONEOS_DEPLOYMENT_TARGET = 11.2;
				MTL_ENABLE_DEBUG_INFO = YES;
				ONLY_ACTIVE_ARCH = YES;
				SDKROOT = iphoneos;
			};
			name = Debug;
		};
		C8FEC98720560FA500D5BE89 /* Release */ = {
			isa = XCBuildConfiguration;
			buildSettings = {
				ALWAYS_SEARCH_USER_PATHS = NO;
				CLANG_ANALYZER_NONNULL = YES;
				CLANG_ANALYZER_NUMBER_OBJECT_CONVERSION = YES_AGGRESSIVE;
				CLANG_CXX_LANGUAGE_STANDARD = "gnu++14";
				CLANG_CXX_LIBRARY = "libc++";
				CLANG_ENABLE_MODULES = YES;
				CLANG_ENABLE_OBJC_ARC = YES;
				CLANG_WARN_BLOCK_CAPTURE_AUTORELEASING = YES;
				CLANG_WARN_BOOL_CONVERSION = YES;
				CLANG_WARN_COMMA = YES;
				CLANG_WARN_CONSTANT_CONVERSION = YES;
				CLANG_WARN_DIRECT_OBJC_ISA_USAGE = YES_ERROR;
				CLANG_WARN_DOCUMENTATION_COMMENTS = YES;
				CLANG_WARN_EMPTY_BODY = YES;
				CLANG_WARN_ENUM_CONVERSION = YES;
				CLANG_WARN_INFINITE_RECURSION = YES;
				CLANG_WARN_INT_CONVERSION = YES;
				CLANG_WARN_NON_LITERAL_NULL_CONVERSION = YES;
				CLANG_WARN_OBJC_LITERAL_CONVERSION = YES;
				CLANG_WARN_OBJC_ROOT_CLASS = YES_ERROR;
				CLANG_WARN_RANGE_LOOP_ANALYSIS = YES;
				CLANG_WARN_STRICT_PROTOTYPES = YES;
				CLANG_WARN_SUSPICIOUS_MOVE = YES;
				CLANG_WARN_UNGUARDED_AVAILABILITY = YES_AGGRESSIVE;
				CLANG_WARN_UNREACHABLE_CODE = YES;
				CLANG_WARN__DUPLICATE_METHOD_MATCH = YES;
				CODE_SIGN_IDENTITY = "iPhone Developer";
				COPY_PHASE_STRIP = NO;
				DEBUG_INFORMATION_FORMAT = "dwarf-with-dsym";
				ENABLE_NS_ASSERTIONS = NO;
				ENABLE_STRICT_OBJC_MSGSEND = YES;
				GCC_C_LANGUAGE_STANDARD = gnu11;
				GCC_NO_COMMON_BLOCKS = YES;
				GCC_WARN_64_TO_32_BIT_CONVERSION = YES;
				GCC_WARN_ABOUT_RETURN_TYPE = YES_ERROR;
				GCC_WARN_UNDECLARED_SELECTOR = YES;
				GCC_WARN_UNINITIALIZED_AUTOS = YES_AGGRESSIVE;
				GCC_WARN_UNUSED_FUNCTION = YES;
				GCC_WARN_UNUSED_VARIABLE = YES;
				IPHONEOS_DEPLOYMENT_TARGET = 11.2;
				MTL_ENABLE_DEBUG_INFO = NO;
				SDKROOT = iphoneos;
				VALIDATE_PRODUCT = YES;
			};
			name = Release;
		};
		C8FEC98920560FA500D5BE89 /* Debug */ = {
			isa = XCBuildConfiguration;
			buildSettings = {
				ASSETCATALOG_COMPILER_APPICON_NAME = AppIcon;
				CODE_SIGN_STYLE = Automatic;
				INFOPLIST_FILE = "app协议弹框/Info.plist";
				LD_RUNPATH_SEARCH_PATHS = "$(inherited) @executable_path/Frameworks";
				PRODUCT_BUNDLE_IDENTIFIER = "ZYH.app----";
				PRODUCT_NAME = "$(TARGET_NAME)";
				TARGETED_DEVICE_FAMILY = "1,2";
			};
			name = Debug;
		};
		C8FEC98A20560FA500D5BE89 /* Release */ = {
			isa = XCBuildConfiguration;
			buildSettings = {
				ASSETCATALOG_COMPILER_APPICON_NAME = AppIcon;
				CODE_SIGN_STYLE = Automatic;
				INFOPLIST_FILE = "app协议弹框/Info.plist";
				LD_RUNPATH_SEARCH_PATHS = "$(inherited) @executable_path/Frameworks";
				PRODUCT_BUNDLE_IDENTIFIER = "ZYH.app----";
				PRODUCT_NAME = "$(TARGET_NAME)";
				TARGETED_DEVICE_FAMILY = "1,2";
			};
			name = Release;
		};
		C8FEC98C20560FA500D5BE89 /* Debug */ = {
			isa = XCBuildConfiguration;
			buildSettings = {
				BUNDLE_LOADER = "$(TEST_HOST)";
				CODE_SIGN_STYLE = Automatic;
				INFOPLIST_FILE = "app协议弹框Tests/Info.plist";
				LD_RUNPATH_SEARCH_PATHS = "$(inherited) @executable_path/Frameworks @loader_path/Frameworks";
				PRODUCT_BUNDLE_IDENTIFIER = "ZYH.app----Tests";
				PRODUCT_NAME = "$(TARGET_NAME)";
				TARGETED_DEVICE_FAMILY = "1,2";
				TEST_HOST = "$(BUILT_PRODUCTS_DIR)/app协议弹框.app/app协议弹框";
			};
			name = Debug;
		};
		C8FEC98D20560FA500D5BE89 /* Release */ = {
			isa = XCBuildConfiguration;
			buildSettings = {
				BUNDLE_LOADER = "$(TEST_HOST)";
				CODE_SIGN_STYLE = Automatic;
				INFOPLIST_FILE = "app协议弹框Tests/Info.plist";
				LD_RUNPATH_SEARCH_PATHS = "$(inherited) @executable_path/Frameworks @loader_path/Frameworks";
				PRODUCT_BUNDLE_IDENTIFIER = "ZYH.app----Tests";
				PRODUCT_NAME = "$(TARGET_NAME)";
				TARGETED_DEVICE_FAMILY = "1,2";
				TEST_HOST = "$(BUILT_PRODUCTS_DIR)/app协议弹框.app/app协议弹框";
			};
			name = Release;
		};
		C8FEC98F20560FA500D5BE89 /* Debug */ = {
			isa = XCBuildConfiguration;
			buildSettings = {
				CODE_SIGN_STYLE = Automatic;
				INFOPLIST_FILE = "app协议弹框UITests/Info.plist";
				LD_RUNPATH_SEARCH_PATHS = "$(inherited) @executable_path/Frameworks @loader_path/Frameworks";
				PRODUCT_BUNDLE_IDENTIFIER = "ZYH.app----UITests";
				PRODUCT_NAME = "$(TARGET_NAME)";
				TARGETED_DEVICE_FAMILY = "1,2";
				TEST_TARGET_NAME = "app协议弹框";
			};
			name = Debug;
		};
		C8FEC99020560FA500D5BE89 /* Release */ = {
			isa = XCBuildConfiguration;
			buildSettings = {
				CODE_SIGN_STYLE = Automatic;
				INFOPLIST_FILE = "app协议弹框UITests/Info.plist";
				LD_RUNPATH_SEARCH_PATHS = "$(inherited) @executable_path/Frameworks @loader_path/Frameworks";
				PRODUCT_BUNDLE_IDENTIFIER = "ZYH.app----UITests";
				PRODUCT_NAME = "$(TARGET_NAME)";
				TARGETED_DEVICE_FAMILY = "1,2";
				TEST_TARGET_NAME = "app协议弹框";
			};
			name = Release;
		};
/* End XCBuildConfiguration section */

/* Begin XCConfigurationList section */
		C8FEC95720560FA400D5BE89 /* Build configuration list for PBXProject "app协议弹框" */ = {
			isa = XCConfigurationList;
			buildConfigurations = (
				C8FEC98620560FA500D5BE89 /* Debug */,
				C8FEC98720560FA500D5BE89 /* Release */,
			);
			defaultConfigurationIsVisible = 0;
			defaultConfigurationName = Release;
		};
		C8FEC98820560FA500D5BE89 /* Build configuration list for PBXNativeTarget "app协议弹框" */ = {
			isa = XCConfigurationList;
			buildConfigurations = (
				C8FEC98920560FA500D5BE89 /* Debug */,
				C8FEC98A20560FA500D5BE89 /* Release */,
			);
			defaultConfigurationIsVisible = 0;
			defaultConfigurationName = Release;
		};
		C8FEC98B20560FA500D5BE89 /* Build configuration list for PBXNativeTarget "app协议弹框Tests" */ = {
			isa = XCConfigurationList;
			buildConfigurations = (
				C8FEC98C20560FA500D5BE89 /* Debug */,
				C8FEC98D20560FA500D5BE89 /* Release */,
			);
			defaultConfigurationIsVisible = 0;
			defaultConfigurationName = Release;
		};
		C8FEC98E20560FA500D5BE89 /* Build configuration list for PBXNativeTarget "app协议弹框UITests" */ = {
			isa = XCConfigurationList;
			buildConfigurations = (
				C8FEC98F20560FA500D5BE89 /* Debug */,
				C8FEC99020560FA500D5BE89 /* Release */,
			);
			defaultConfigurationIsVisible = 0;
			defaultConfigurationName = Release;
		};
/* End XCConfigurationList section */
	};
	rootObject = C8FEC95420560FA400D5BE89 /* Project object */;
}
